PODS:
  - Expecta (0.3.2)
  - Patch (0.1.0):
    - Patch/base (= 0.1.0)
  - Patch/base (0.1.0)
  - Specta (0.5.0)

DEPENDENCIES:
  - Expecta
  - Patch (from `../`)
  - Specta

EXTERNAL SOURCES:
  Patch:
    :path: ../

SPEC CHECKSUMS:
  Expecta: 8c507baf13211207b1e9d0a741480600e6b4ed15
  Patch: 13a46263820221bc3dca7b734a87cea6fbfa51e2
  Specta: eb90708ed77569bbda089f8ead10bb99b8e9489e

COCOAPODS: 0.36.0
